// !$*UTF8*$!
{
	archiveVersion = 1;
	classes = {
	};
	objectVersion = 50;
	objects = {

/* Begin PBXBuildFile section */
		04341E7E248189220008BC59 /* EmojiTableViewCell.swift in Sources */ = {isa = PBXBuildFile; fileRef = 04341E7D248189220008BC59 /* EmojiTableViewCell.swift */; };
		043901A02481962E0056D9B7 /* EmojiModel.swift in Sources */ = {isa = PBXBuildFile; fileRef = 0439019F2481962E0056D9B7 /* EmojiModel.swift */; };
		043901A2248266570056D9B7 /* NewEmojiTableViewController.swift in Sources */ = {isa = PBXBuildFile; fileRef = 043901A1248266570056D9B7 /* NewEmojiTableViewController.swift */; };
		0451CFBE247A59E800F801C4 /* AppDelegate.swift in Sources */ = {isa = PBXBuildFile; fileRef = 0451CFBD247A59E800F801C4 /* AppDelegate.swift */; };
		0451CFC0247A59E800F801C4 /* SceneDelegate.swift in Sources */ = {isa = PBXBuildFile; fileRef = 0451CFBF247A59E800F801C4 /* SceneDelegate.swift */; };
		0451CFC2247A59E800F801C4 /* ViewController.swift in Sources */ = {isa = PBXBuildFile; fileRef = 0451CFC1247A59E800F801C4 /* ViewController.swift */; };
		0451CFC5247A59E800F801C4 /* Main.storyboard in Resources */ = {isa = PBXBuildFile; fileRef = 0451CFC3247A59E800F801C4 /* Main.storyboard */; };
		0451CFC7247A59ED00F801C4 /* Assets.xcassets in Resources */ = {isa = PBXBuildFile; fileRef = 0451CFC6247A59ED00F801C4 /* Assets.xcassets */; };
		0451CFCA247A59ED00F801C4 /* LaunchScreen.storyboard in Resources */ = {isa = PBXBuildFile; fileRef = 0451CFC8247A59ED00F801C4 /* LaunchScreen.storyboard */; };
		04533D1F247A5D1800E1C829 /* EmojiTableViewController.swift in Sources */ = {isa = PBXBuildFile; fileRef = 04533D1E247A5D1800E1C829 /* EmojiTableViewController.swift */; };
/* End PBXBuildFile section */

/* Begin PBXFileReference section */
		04341E7D248189220008BC59 /* EmojiTableViewCell.swift */ = {isa = PBXFileReference; lastKnownFileType = sourcecode.swift; path = EmojiTableViewCell.swift; sourceTree = "<group>"; };
		0439019F2481962E0056D9B7 /* EmojiModel.swift */ = {isa = PBXFileReference; lastKnownFileType = sourcecode.swift; path = EmojiModel.swift; sourceTree = "<group>"; };
		043901A1248266570056D9B7 /* NewEmojiTableViewController.swift */ = {isa = PBXFileReference; lastKnownFileType = sourcecode.swift; path = NewEmojiTableViewController.swift; sourceTree = "<group>"; };
		0451CFBA247A59E800F801C4 /* EmojiReader.app */ = {isa = PBXFileReference; explicitFileType = wrapper.application; includeInIndex = 0; path = EmojiReader.app; sourceTree = BUILT_PRODUCTS_DIR; };
		0451CFBD247A59E800F801C4 /* AppDelegate.swift */ = {isa = PBXFileReference; lastKnownFileType = sourcecode.swift; path = AppDelegate.swift; sourceTree = "<group>"; };
		0451CFBF247A59E800F801C4 /* SceneDelegate.swift */ = {isa = PBXFileReference; lastKnownFileType = sourcecode.swift; path = SceneDelegate.swift; sourceTree = "<group>"; };
		0451CFC1247A59E800F801C4 /* ViewController.swift */ = {isa = PBXFileReference; lastKnownFileType = sourcecode.swift; path = ViewController.swift; sourceTree = "<group>"; };
		0451CFC4247A59E800F801C4 /* Base */ = {isa = PBXFileReference; lastKnownFileType = file.storyboard; name = Base; path = Base.lproj/Main.storyboard; sourceTree = "<group>"; };
		0451CFC6247A59ED00F801C4 /* Assets.xcassets */ = {isa = PBXFileReference; lastKnownFileType = folder.assetcatalog; path = Assets.xcassets; sourceTree = "<group>"; };
		0451CFC9247A59ED00F801C4 /* Base */ = {isa = PBXFileReference; lastKnownFileType = file.storyboard; name = Base; path = Base.lproj/LaunchScreen.storyboard; sourceTree = "<group>"; };
		0451CFCB247A59ED00F801C4 /* Info.plist */ = {isa = PBXFileReference; lastKnownFileType = text.plist.xml; path = Info.plist; sourceTree = "<group>"; };
		04533D1E247A5D1800E1C829 /* EmojiTableViewController.swift */ = {isa = PBXFileReference; lastKnownFileType = sourcecode.swift; path = EmojiTableViewController.swift; sourceTree = "<group>"; };
/* End PBXFileReference section */

/* Begin PBXFrameworksBuildPhase section */
		0451CFB7247A59E800F801C4 /* Frameworks */ = {
			isa = PBXFrameworksBuildPhase;
			buildActionMask = 2147483647;
			files = (
			);
			runOnlyForDeploymentPostprocessing = 0;
		};
/* End PBXFrameworksBuildPhase section */

/* Begin PBXGroup section */
		0451CFB1247A59E800F801C4 = {
			isa = PBXGroup;
			children = (
				0451CFBC247A59E800F801C4 /* EmojiReader */,
				0451CFBB247A59E800F801C4 /* Products */,
			);
			sourceTree = "<group>";
		};
		0451CFBB247A59E800F801C4 /* Products */ = {
			isa = PBXGroup;
			children = (
				0451CFBA247A59E800F801C4 /* EmojiReader.app */,
			);
			name = Products;
			sourceTree = "<group>";
		};
		0451CFBC247A59E800F801C4 /* EmojiReader */ = {
			isa = PBXGroup;
			children = (
				0451CFBD247A59E800F801C4 /* AppDelegate.swift */,
				0451CFBF247A59E800F801C4 /* SceneDelegate.swift */,
				0451CFC1247A59E800F801C4 /* ViewController.swift */,
				0439019F2481962E0056D9B7 /* EmojiModel.swift */,
				04533D1E247A5D1800E1C829 /* EmojiTableViewController.swift */,
				04341E7D248189220008BC59 /* EmojiTableViewCell.swift */,
				043901A1248266570056D9B7 /* NewEmojiTableViewController.swift */,
				0451CFC3247A59E800F801C4 /* Main.storyboard */,
				0451CFC6247A59ED00F801C4 /* Assets.xcassets */,
				0451CFC8247A59ED00F801C4 /* LaunchScreen.storyboard */,
				0451CFCB247A59ED00F801C4 /* Info.plist */,
			);
			path = EmojiReader;
			sourceTree = "<group>";
		};
/* End PBXGroup section */

/* Begin PBXNativeTarget section */
		0451CFB9247A59E800F801C4 /* EmojiReader */ = {
			isa = PBXNativeTarget;
			buildConfigurationList = 0451CFCE247A59ED00F801C4 /* Build configuration list for PBXNativeTarget "EmojiReader" */;
			buildPhases = (
				0451CFB6247A59E800F801C4 /* Sources */,
				0451CFB7247A59E800F801C4 /* Frameworks */,
				0451CFB8247A59E800F801C4 /* Resources */,
			);
			buildRules = (
			);
			dependencies = (
			);
			name = EmojiReader;
			productName = EmojiReader;
			productReference = 0451CFBA247A59E800F801C4 /* EmojiReader.app */;
			productType = "com.apple.product-type.application";
		};
/* End PBXNativeTarget section */

/* Begin PBXProject section */
		0451CFB2247A59E800F801C4 /* Project object */ = {
			isa = PBXProject;
			attributes = {
				LastSwiftUpdateCheck = 1150;
				LastUpgradeCheck = 1150;
				ORGANIZATIONNAME = "Кирилл Герасин";
				TargetAttributes = {
					0451CFB9247A59E800F801C4 = {
						CreatedOnToolsVersion = 11.5;
					};
				};
			};
			buildConfigurationList = 0451CFB5247A59E800F801C4 /* Build configuration list for PBXProject "EmojiReader" */;
			compatibilityVersion = "Xcode 9.3";
			developmentRegion = en;
			hasScannedForEncodings = 0;
			knownRegions = (
				en,
				Base,
			);
			mainGroup = 0451CFB1247A59E800F801C4;
			productRefGroup = 0451CFBB247A59E800F801C4 /* Products */;
			projectDirPath = "";
			projectRoot = "";
			targets = (
				0451CFB9247A59E800F801C4 /* EmojiReader */,
			);
		};
/* End PBXProject section */

/* Begin PBXResourcesBuildPhase section */
		0451CFB8247A59E800F801C4 /* Resources */ = {
			isa = PBXResourcesBuildPhase;
			buildActionMask = 2147483647;
			files = (
				0451CFCA247A59ED00F801C4 /* LaunchScreen.storyboard in Resources */,
				0451CFC7247A59ED00F801C4 /* Assets.xcassets in Resources */,
				0451CFC5247A59E800F801C4 /* Main.storyboard in Resources */,
			);
			runOnlyForDeploymentPostprocessing = 0;
		};
/* End PBXResourcesBuildPhase section */

/* Begin PBXSourcesBuildPhase section */
		0451CFB6247A59E800F801C4 /* Sources */ = {
			isa = PBXSourcesBuildPhase;
			buildActionMask = 2147483647;
			files = (
				04533D1F247A5D1800E1C829 /* EmojiTableViewController.swift in Sources */,
				0451CFC2247A59E800F801C4 /* ViewController.swift in Sources */,
				043901A02481962E0056D9B7 /* EmojiModel.swift in Sources */,
				04341E7E248189220008BC59 /* EmojiTableViewCell.swift in Sources */,
				043901A2248266570056D9B7 /* NewEmojiTableViewController.swift in Sources */,
				0451CFBE247A59E800F801C4 /* AppDelegate.swift in Sources */,
				0451CFC0247A59E800F801C4 /* SceneDelegate.swift in Sources */,
			);
			runOnlyForDeploymentPostprocessing = 0;
		};
/* End PBXSourcesBuildPhase section */

/* Begin PBXVariantGroup section */
		0451CFC3247A59E800F801C4 /* Main.storyboard */ = {
			isa = PBXVariantGroup;
			children = (
				0451CFC4247A59E800F801C4 /* Base */,
			);
			name = Main.storyboard;
			sourceTree = "<group>";
		};
		0451CFC8247A59ED00F801C4 /* LaunchScreen.storyboard */ = {
			isa = PBXVariantGroup;
			children = (
				0451CFC9247A59ED00F801C4 /* Base */,
			);
			name = LaunchScreen.storyboard;
			sourceTree = "<group>";
		};
/* End PBXVariantGroup section */

/* Begin XCBuildConfiguration section */
		0451CFCC247A59ED00F801C4 /* Debug */ = {
			isa = XCBuildConfiguration;
			buildSettings = {
				ALWAYS_SEARCH_USER_PATHS = NO;
				CLANG_ANALYZER_NONNULL = YES;
				CLANG_ANALYZER_NUMBER_OBJECT_CONVERSION = YES_AGGRESSIVE;
				CLANG_CXX_LANGUAGE_STANDARD = "gnu++14";
				CLANG_CXX_LIBRARY = "libc++";
				CLANG_ENABLE_MODULES = YES;
				CLANG_ENABLE_OBJC_ARC = YES;
				CLANG_ENABLE_OBJC_WEAK = YES;
				CLANG_WARN_BLOCK_CAPTURE_AUTORELEASING = YES;
				CLANG_WARN_BOOL_CONVERSION = YES;
				CLANG_WARN_COMMA = YES;
				CLANG_WARN_CONSTANT_CONVERSION = YES;
				CLANG_WARN_DEPRECATED_OBJC_IMPLEMENTATIONS = YES;
				CLANG_WARN_DIRECT_OBJC_ISA_USAGE = YES_ERROR;
				CLANG_WARN_DOCUMENTATION_COMMENTS = YES;
				CLANG_WARN_EMPTY_BODY = YES;
				CLANG_WARN_ENUM_CONVERSION = YES;
				CLANG_WARN_INFINITE_RECURSION = YES;
				CLANG_WARN_INT_CONVERSION = YES;
				CLANG_WARN_NON_LITERAL_NULL_CONVERSION = YES;
				CLANG_WARN_OBJC_IMPLICIT_RETAIN_SELF = YES;
				CLANG_WARN_OBJC_LITERAL_CONVERSION = YES;
				CLANG_WARN_OBJC_ROOT_CLASS = YES_ERROR;
				CLANG_WARN_RANGE_LOOP_ANALYSIS = YES;
				CLANG_WARN_STRICT_PROTOTYPES = YES;
				CLANG_WARN_SUSPICIOUS_MOVE = YES;
				CLANG_WARN_UNGUARDED_AVAILABILITY = YES_AGGRESSIVE;
				CLANG_WARN_UNREACHABLE_CODE = YES;
				CLANG_WARN__DUPLICATE_METHOD_MATCH = YES;
				COPY_PHASE_STRIP = NO;
				DEBUG_INFORMATION_FORMAT = dwarf;
				ENABLE_STRICT_OBJC_MSGSEND = YES;
				ENABLE_TESTABILITY = YES;
				GCC_C_LANGUAGE_STANDARD = gnu11;
				GCC_DYNAMIC_NO_PIC = NO;
				GCC_NO_COMMON_BLOCKS = YES;
				GCC_OPTIMIZATION_LEVEL = 0;
				GCC_PREPROCESSOR_DEFINITIONS = (
					"DEBUG=1",
					"$(inherited)",
				);
				GCC_WARN_64_TO_32_BIT_CONVERSION = YES;
				GCC_WARN_ABOUT_RETURN_TYPE = YES_ERROR;
				GCC_WARN_UNDECLARED_SELECTOR = YES;
				GCC_WARN_UNINITIALIZED_AUTOS = YES_AGGRESSIVE;
				GCC_WARN_UNUSED_FUNCTION = YES;
				GCC_WARN_UNUSED_VARIABLE = YES;
				IPHONEOS_DEPLOYMENT_TARGET = 13.5;
				MTL_ENABLE_DEBUG_INFO = INCLUDE_SOURCE;
				MTL_FAST_MATH = YES;
				ONLY_ACTIVE_ARCH = YES;
				SDKROOT = iphoneos;
				SWIFT_ACTIVE_COMPILATION_CONDITIONS = DEBUG;
				SWIFT_OPTIMIZATION_LEVEL = "-Onone";
			};
			name = Debug;
		};
		0451CFCD247A59ED00F801C4 /* Release */ = {
			isa = XCBuildConfiguration;
			buildSettings = {
				ALWAYS_SEARCH_USER_PATHS = NO;
				CLANG_ANALYZER_NONNULL = YES;
				CLANG_ANALYZER_NUMBER_OBJECT_CONVERSION = YES_AGGRESSIVE;
				CLANG_CXX_LANGUAGE_STANDARD = "gnu++14";
				CLANG_CXX_LIBRARY = "libc++";
				CLANG_ENABLE_MODULES = YES;
				CLANG_ENABLE_OBJC_ARC = YES;
				CLANG_ENABLE_OBJC_WEAK = YES;
				CLANG_WARN_BLOCK_CAPTURE_AUTORELEASING = YES;
				CLANG_WARN_BOOL_CONVERSION = YES;
				CLANG_WARN_COMMA = YES;
				CLANG_WARN_CONSTANT_CONVERSION = YES;
				CLANG_WARN_DEPRECATED_OBJC_IMPLEMENTATIONS = YES;
				CLANG_WARN_DIRECT_OBJC_ISA_USAGE = YES_ERROR;
				CLANG_WARN_DOCUMENTATION_COMMENTS = YES;
				CLANG_WARN_EMPTY_BODY = YES;
				CLANG_WARN_ENUM_CONVERSION = YES;
				CLANG_WARN_INFINITE_RECURSION = YES;
				CLANG_WARN_INT_CONVERSION = YES;
				CLANG_WARN_NON_LITERAL_NULL_CONVERSION = YES;
				CLANG_WARN_OBJC_IMPLICIT_RETAIN_SELF = YES;
				CLANG_WARN_OBJC_LITERAL_CONVERSION = YES;
				CLANG_WARN_OBJC_ROOT_CLASS = YES_ERROR;
				CLANG_WARN_RANGE_LOOP_ANALYSIS = YES;
				CLANG_WARN_STRICT_PROTOTYPES = YES;
				CLANG_WARN_SUSPICIOUS_MOVE = YES;
				CLANG_WARN_UNGUARDED_AVAILABILITY = YES_AGGRESSIVE;
				CLANG_WARN_UNREACHABLE_CODE = YES;
				CLANG_WARN__DUPLICATE_METHOD_MATCH = YES;
				COPY_PHASE_STRIP = NO;
				DEBUG_INFORMATION_FORMAT = "dwarf-with-dsym";
				ENABLE_NS_ASSERTIONS = NO;
				ENABLE_STRICT_OBJC_MSGSEND = YES;
				GCC_C_LANGUAGE_STANDARD = gnu11;
				GCC_NO_COMMON_BLOCKS = YES;
				GCC_WARN_64_TO_32_BIT_CONVERSION = YES;
				GCC_WARN_ABOUT_RETURN_TYPE = YES_ERROR;
				GCC_WARN_UNDECLARED_SELECTOR = YES;
				GCC_WARN_UNINITIALIZED_AUTOS = YES_AGGRESSIVE;
				GCC_WARN_UNUSED_FUNCTION = YES;
				GCC_WARN_UNUSED_VARIABLE = YES;
				IPHONEOS_DEPLOYMENT_TARGET = 13.5;
				MTL_ENABLE_DEBUG_INFO = NO;
				MTL_FAST_MATH = YES;
				SDKROOT = iphoneos;
				SWIFT_COMPILATION_MODE = wholemodule;
				SWIFT_OPTIMIZATION_LEVEL = "-O";
				VALIDATE_PRODUCT = YES;
			};
			name = Release;
		};
		0451CFCF247A59ED00F801C4 /* Debug */ = {
			isa = XCBuildConfiguration;
			buildSettings = {
				ASSETCATALOG_COMPILER_APPICON_NAME = AppIcon;
				CODE_SIGN_STYLE = Automatic;
				DEVELOPMENT_TEAM = TM5STYY2WU;
				INFOPLIST_FILE = EmojiReader/Info.plist;
				LD_RUNPATH_SEARCH_PATHS = (
					"$(inherited)",
					"@executable_path/Frameworks",
				);
				PRODUCT_BUNDLE_IDENTIFIER = com.kirillGerasin.EmojiReader;
				PRODUCT_NAME = "$(TARGET_NAME)";
				SWIFT_VERSION = 5.0;
				TARGETED_DEVICE_FAMILY = "1,2";
			};
			name = Debug;
		};
		0451CFD0247A59ED00F801C4 /* Release */ = {
			isa = XCBuildConfiguration;
			buildSettings = {
				ASSETCATALOG_COMPILER_APPICON_NAME = AppIcon;
				CODE_SIGN_STYLE = Automatic;
				DEVELOPMENT_TEAM = TM5STYY2WU;
				INFOPLIST_FILE = EmojiReader/Info.plist;
				LD_RUNPATH_SEARCH_PATHS = (
					"$(inherited)",
					"@executable_path/Frameworks",
				);
				PRODUCT_BUNDLE_IDENTIFIER = com.kirillGerasin.EmojiReader;
				PRODUCT_NAME = "$(TARGET_NAME)";
				SWIFT_VERSION = 5.0;
				TARGETED_DEVICE_FAMILY = "1,2";
			};
			name = Release;
		};
/* End XCBuildConfiguration section */

/* Begin XCConfigurationList section */
		0451CFB5247A59E800F801C4 /* Build configuration list for PBXProject "EmojiReader" */ = {
			isa = XCConfigurationList;
			buildConfigurations = (
				0451CFCC247A59ED00F801C4 /* Debug */,
				0451CFCD247A59ED00F801C4 /* Release */,
			);
			defaultConfigurationIsVisible = 0;
			defaultConfigurationName = Release;
		};
		0451CFCE247A59ED00F801C4 /* Build configuration list for PBXNativeTarget "EmojiReader" */ = {
			isa = XCConfigurationList;
			buildConfigurations = (
				0451CFCF247A59ED00F801C4 /* Debug */,
				0451CFD0247A59ED00F801C4 /* Release */,
			);
			defaultConfigurationIsVisible = 0;
			defaultConfigurationName = Release;
		};
/* End XCConfigurationList section */
	};
	rootObject = 0451CFB2247A59E800F801C4 /* Project object */;
}
